
Microsoft Visual Studio Solution File, Format Version 12.00
# Visual Studio 15
VisualStudioVersion = 15.0.28307.757
MinimumVisualStudioVersion = 10.0.40219.1
Project("{FAE04EC0-301F-11D3-BF4B-00C04F79EFBC}") = "GoMoKu", "GoMoKu\GoMoKu.csproj", "{3963EFD5-A210-45FE-978A-EEADCC636BE9}"
EndProject
Global
	GlobalSection(SolutionConfigurationPlatforms) = preSolution
		Debug|Any CPU = Debug|Any CPU
		Release|Any CPU = Release|Any CPU
	EndGlobalSection
	GlobalSection(ProjectConfigurationPlatforms) = postSolution
		{3963EFD5-A210-45FE-978A-EEADCC636BE9}.Debug|Any CPU.ActiveCfg = Debug|Any CPU
		{3963EFD5-A210-45FE-978A-EEADCC636BE9}.Debug|Any CPU.Build.0 = Debug|Any CPU
		{3963EFD5-A210-45FE-978A-EEADCC636BE9}.Release|Any CPU.ActiveCfg = Release|Any CPU
		{3963EFD5-A210-45FE-978A-EEADCC636BE9}.Release|Any CPU.Build.0 = Release|Any CPU
	EndGlobalSection
	GlobalSection(SolutionProperties) = preSolution
		HideSolutionNode = FALSE
	EndGlobalSection
	GlobalSection(ExtensibilityGlobals) = postSolution
		SolutionGuid = {8970801E-95F5-4C1A-8633-7B38976EFD0E}
	EndGlobalSection
EndGlobal
